# THIS IS AN AUTOGENERATED FILE. DO NOT EDIT THIS FILE DIRECTLY.
# yarn lockfile v1


micromodal@^0.4.0:
  version "0.4.0"
  resolved "https://registry.yarnpkg.com/micromodal/-/micromodal-0.4.0.tgz#924b80adff6654310070432ac51bb1d195eefb95"
  integrity sha512-YDku9Fi57S4Sm6oitSy3sr786qSp5L6NbatuH2kEeXf0jStvZgZk4bLBKaoSONBaq3BEvFz3hAaoUa7/pV1Kgg==
